
Microsoft Visual Studio Solution File, Format Version 12.00
# Visual Studio Version 17
VisualStudioVersion = 17.3.32804.467
MinimumVisualStudioVersion = 10.0.40219.1
Project("{9A19103F-16F7-4668-BE54-9A1E7A4F7556}") = "NoSQLWithCSharp.UI", "NoSQLWithCSharp.UI\NoSQLWithCSharp.UI.csproj", "{23B26431-D55A-44B6-9AF4-D70DFFE0C9CE}"
EndProject
Project("{9A19103F-16F7-4668-BE54-9A1E7A4F7556}") = "NoSQLWithCSharp.MongoDB", "NoSQLWithCSharp.MongoDB\NoSQLWithCSharp.MongoDB.csproj", "{1278673A-899B-4037-BC2F-C86E9B7EDF47}"
EndProject
Project("{FAE04EC0-301F-11D3-BF4B-00C04F79EFBC}") = "NoSQLWithCSharp.Contracts", "NoSQLWithCSharp.Contracts\NoSQLWithCSharp.Contracts.csproj", "{BD694847-6F80-4610-BD67-81D0EEE39A75}"
EndProject
Global
	GlobalSection(SolutionConfigurationPlatforms) = preSolution
		Debug|Any CPU = Debug|Any CPU
		Release|Any CPU = Release|Any CPU
	EndGlobalSection
	GlobalSection(ProjectConfigurationPlatforms) = postSolution
		{23B26431-D55A-44B6-9AF4-D70DFFE0C9CE}.Debug|Any CPU.ActiveCfg = Debug|Any CPU
		{23B26431-D55A-44B6-9AF4-D70DFFE0C9CE}.Debug|Any CPU.Build.0 = Debug|Any CPU
		{23B26431-D55A-44B6-9AF4-D70DFFE0C9CE}.Release|Any CPU.ActiveCfg = Release|Any CPU
		{23B26431-D55A-44B6-9AF4-D70DFFE0C9CE}.Release|Any CPU.Build.0 = Release|Any CPU
		{1278673A-899B-4037-BC2F-C86E9B7EDF47}.Debug|Any CPU.ActiveCfg = Debug|Any CPU
		{1278673A-899B-4037-BC2F-C86E9B7EDF47}.Debug|Any CPU.Build.0 = Debug|Any CPU
		{1278673A-899B-4037-BC2F-C86E9B7EDF47}.Release|Any CPU.ActiveCfg = Release|Any CPU
		{1278673A-899B-4037-BC2F-C86E9B7EDF47}.Release|Any CPU.Build.0 = Release|Any CPU
		{BD694847-6F80-4610-BD67-81D0EEE39A75}.Debug|Any CPU.ActiveCfg = Debug|Any CPU
		{BD694847-6F80-4610-BD67-81D0EEE39A75}.Debug|Any CPU.Build.0 = Debug|Any CPU
		{BD694847-6F80-4610-BD67-81D0EEE39A75}.Release|Any CPU.ActiveCfg = Release|Any CPU
		{BD694847-6F80-4610-BD67-81D0EEE39A75}.Release|Any CPU.Build.0 = Release|Any CPU
	EndGlobalSection
	GlobalSection(SolutionProperties) = preSolution
		HideSolutionNode = FALSE
	EndGlobalSection
	GlobalSection(ExtensibilityGlobals) = postSolution
		SolutionGuid = {6D16277E-622D-4F66-BF5F-98235BB70A70}
	EndGlobalSection
EndGlobal
